
Microsoft Visual Studio Solution File, Format Version 12.00
# Visual Studio Version 16
VisualStudioVersion = 16.0.30011.22
MinimumVisualStudioVersion = 10.0.40219.1
Project("{FAE04EC0-301F-11D3-BF4B-00C04F79EFBC}") = "Technovert.WPF.GenericMVVM", "GenericMVVM\Technovert.WPF.GenericMVVM.csproj", "{7E5D9B7B-F533-4CAC-97F5-AA037CDC08E4}"
EndProject
Global
	GlobalSection(SolutionConfigurationPlatforms) = preSolution
		Debug|Any CPU = Debug|Any CPU
		Release|Any CPU = Release|Any CPU
	EndGlobalSection
	GlobalSection(ProjectConfigurationPlatforms) = postSolution
		{7E5D9B7B-F533-4CAC-97F5-AA037CDC08E4}.Debug|Any CPU.ActiveCfg = Debug|Any CPU
		{7E5D9B7B-F533-4CAC-97F5-AA037CDC08E4}.Debug|Any CPU.Build.0 = Debug|Any CPU
		{7E5D9B7B-F533-4CAC-97F5-AA037CDC08E4}.Release|Any CPU.ActiveCfg = Release|Any CPU
		{7E5D9B7B-F533-4CAC-97F5-AA037CDC08E4}.Release|Any CPU.Build.0 = Release|Any CPU
	EndGlobalSection
	GlobalSection(SolutionProperties) = preSolution
		HideSolutionNode = FALSE
	EndGlobalSection
	GlobalSection(ExtensibilityGlobals) = postSolution
		SolutionGuid = {EC2C15A1-98EC-4F75-80CD-1FDF735A1A5E}
	EndGlobalSection
EndGlobal
